{"version":4,"terraform_version":"1.12.6","serial":1,"lineage":"b9b1c206-e269-1fe8-8f2d-2496f7d44c9d","outputs":{},"resources":[{"mode":"managed","type":"local_file","name":"my_first_tf_file","provider":"provider[\"registry.opentofu.org/hashicorp/local\"]","instances":[{"schema_version":0,"attributes":{"content":"Hello world!!!!!????","content_base64":null,"content_base64sha256":"Q1Tf2nDI8NOZG53j1W3Lbp8vxsAxbSNbY6/rOIRxraQ=","content_base64sha512":"gz7BCeHBuEvf4+BaoAs5W7R/kT3GzEKIBm7ceelo9yEs7Av2UrizyJQFowIjxxRivAPnfLA4eBrgHWui4Ev+Kw==","content_md5":"87ee732d831690f45b8606b1547bd09e","content_sha1":"6555aa9d245f6dc2b57aa13366cc6c6fcccab6ad","content_sha256":"4354dfda70c8f0d3991b9de3d56dcb6e9f2fc6c0316d235b63afeb388471ada4","content_sha512":"833ec109e1c1b84bdfe3e05aa00b395bb47f913dc6cc4288066edc79e968f7212cec0bf652b8b3c89405a30223c71462bc03e77cb038781ae01d6ba2e04bfe2b","directory_permission":"0777","file_permission":"0777","filename":"./output/my_first_tf_file.txt","id":"6555aa9d245f6dc2b57aa13366cc6c6fcccab6ad","sensitive_content":null,"source":null},"sensitive_attributes":[[{"type":"get_attr","value":"sensitive_content"}]]}]}],"check_results":null}
