{
  "version": 4,
  "terraform_version": "1.12.6",
  "serial": 2,
  "lineage": "b9b1c206-e269-1fe8-8f2d-2496f7d44c9d",
  "outputs": {
    "my_first_tf_file_checksum": {
      "value": "0f69ccc6c65fc5d2e01d1bd38cfab52f",
      "type": "string"
    },
    "my_first_tf_file_path": {
      "value": "./output/my_first_tf_file.txt",
      "type": "string"
    }
  },
  "resources": [
    {
      "mode": "managed",
      "type": "local_file",
      "name": "my_first_tf_file",
      "provider": "provider[\"registry.opentofu.org/hashicorp/local\"]",
      "instances": [
        {
          "schema_version": 0,
          "attributes": {
            "content": "Hello world!!!!!????",
            "content_base64": null,
            "content_base64sha256": "ZfyoHNZ0x7Db7qWDD7lV3rOnTbMPUXUhmD/YV2FxnwM=",
            "content_base64sha512": "UfT5XeQaWS7PgflsVgYcz6qjl5PfvzvZO2bcDAa9QHmsOhv8Qo0xzYKIDqWEb2XOGEa7RHNfobbMQkG+9lTyXg==",
            "content_md5": "0f69ccc6c65fc5d2e01d1bd38cfab52f",
            "content_sha1": "4d6a2e7076777a9e40e78a9cf9a2cd0261e02252",
            "content_sha256": "65fca81cd674c7b0dbeea5830fb955deb3a74db30f517521983fd85761719f03",
            "content_sha512": "51f4f95de41a592ecf81f96c56061ccfaaa39793dfbf3bd93b66dc0c06bd4079ac3a1bfc428d31cd82880ea5846f65ce1846bb44735fa1b6cc4241bef654f25e",
            "directory_permission": "0777",
            "file_permission": "0777",
            "filename": "./output/my_first_tf_file.txt",
            "id": "4d6a2e7076777a9e40e78a9cf9a2cd0261e02252",
            "sensitive_content": null,
            "source": null
          },
          "sensitive_attributes": [
            [
              {
                "type": "get_attr",
                "value": "sensitive_content"
              }
            ]
          ]
        }
      ]
    }
  ],
  "check_results": null
}

