{"version":4,"terraform_version":"1.12.6","serial":1,"lineage":"c7360023-f76f-cd3e-844f-47de29b5b72c","outputs":{},"resources":[{"mode":"managed","type":"docker_container","name":"my_tf_demo_container","provider":"provider[\"registry.opentofu.org/kreuzwerker/docker\"]","instances":[{"schema_version":2,"attributes":{"attach":false,"bridge":"","capabilities":[],"cgroup_parent":null,"cgroupns_mode":null,"command":["sleep","infinity"],"container_logs":null,"container_read_refresh_timeout_milliseconds":15000,"cpu_period":null,"cpu_quota":null,"cpu_set":"","cpu_shares":0,"cpus":null,"destroy_grace_seconds":null,"device_cgroup_rules":null,"device_read_bps":[],"device_read_iops":[],"device_requests":[],"device_write_bps":[],"device_write_iops":[],"devices":[],"dns":null,"dns_opts":null,"dns_search":null,"domainname":"","entrypoint":[],"env":[],"exit_code":null,"gpus":null,"group_add":null,"healthcheck":null,"host":[],"hostname":"3323d378d862","id":"3323d378d8629ed8c44df709de008ed417f217432f2160e4f0cfcd7baec6d4f2","image":"sha256:da6fc2be547864451aa253836dd926da33623312df4a9a243e35dc877c378a78","init":false,"ipc_mode":"private","labels":[],"log_driver":"json-file","log_opts":null,"logs":false,"max_retry_count":0,"memory":0,"memory_reservation":0,"memory_swap":0,"mounts":[],"must_run":true,"name":"my_tf_demo_container","network_data":[{"gateway":"172.17.0.1","global_ipv6_address":"","global_ipv6_prefix_length":0,"ip_address":"172.17.0.3","ip_prefix_length":16,"ipv6_gateway":"","mac_address":"fa:55:a6:e9:7d:97","network_name":"bridge"}],"network_mode":"bridge","networks_advanced":[],"pid_mode":null,"platform":"linux","ports":[],"privileged":false,"publish_all_ports":false,"read_only":false,"remove_volumes":true,"restart":"no","rm":false,"runtime":"runc","security_opts":[],"shm_size":64,"start":true,"stdin_open":false,"stop_signal":"","stop_timeout":0,"storage_opts":null,"sysctls":null,"timeouts":null,"tmpfs":null,"tty":false,"ulimit":[],"upload":[],"user":"","userns_mode":"","volumes":[],"wait":false,"wait_timeout":60,"working_dir":""},"sensitive_attributes":[],"private":"eyJlMmJmYjczMC1lY2FhLTExZTYtOGY4OC0zNDM2M2JjN2M0YzAiOnsiY3JlYXRlIjoxMjAwMDAwMDAwMDAwLCJkZWxldGUiOjEyMDAwMDAwMDAwMDAsInVwZGF0ZSI6MTIwMDAwMDAwMDAwMH0sInNjaGVtYV92ZXJzaW9uIjoiMiJ9","dependencies":["docker_image.ubuntu"]}]},{"mode":"managed","type":"docker_image","name":"ubuntu","provider":"provider[\"registry.opentofu.org/kreuzwerker/docker\"]","instances":[{"schema_version":0,"attributes":{"build":[],"force_remove":null,"id":"sha256:da6fc2be547864451aa253836dd926da33623312df4a9a243e35dc877c378a78ubuntu:latest","image_id":"sha256:da6fc2be547864451aa253836dd926da33623312df4a9a243e35dc877c378a78","keep_locally":null,"name":"ubuntu:latest","platform":null,"pull_triggers":null,"repo_digest":"ubuntu@sha256:da6fc2be547864451aa253836dd926da33623312df4a9a243e35dc877c378a78","timeouts":null,"triggers":null},"sensitive_attributes":[],"private":"eyJlMmJmYjczMC1lY2FhLTExZTYtOGY4OC0zNDM2M2JjN2M0YzAiOnsiY3JlYXRlIjoxMjAwMDAwMDAwMDAwLCJkZWxldGUiOjEyMDAwMDAwMDAwMDAsInVwZGF0ZSI6MTIwMDAwMDAwMDAwMH19"}]}],"check_results":null}
